lockfileVersion: '9.0'

settings:
  autoInstallPeers: true
  excludeLinksFromLockfile: false

importers:

  .:
    dependencies:
      '@tanstack/react-virtual':
        specifier: ^3.14.10
        version: 3.14.10(react-dom@19.2.8(react@19.2.8))(react@19.2.8)
      '@vercel/blob':
        specifier: ^2.8.0
        version: 2.8.0
      next:
        specifier: ^16.0.0
        version: 16.3.3(@types/node@22.20.1)(react-dom@19.2.8(react@19.2.8))(react@19.2.8)
      react:
        specifier: ^19.2.0
        version: 19.2.8
      react-dom:
        specifier: ^19.2.0
        version: 19.2.8(react@19.2.8)
      zustand:
        specifier: ^5.0.15
        version: 5.0.15(@types/react@19.2.18)(react@19.2.8)
    devDependencies:
      '@types/node':
        specifier: ^22.10.2
        version: 22.20.1
      '@types/react':
        specifier: ^19.2.0
        version: 19.2.18
      '@types/react-dom':
        specifier: ^19.2.0
        version: 19.2.5(@types/react@19.2.18)
      typescript:
        specifier: ^5.9.2
        version: 5.9.3

packages:

  '@emnapi/runtime@1.11.3':
    resolution: {integrity: sha512-Xz4Tpyki7XyrpbUK1jR1AhdAdaXyhhY4lZ3neLodmhpuWfy2PAQN5B46sAiU4liOXGLkHypn/qU+jvfWSCYYLA==}

  '@img/colour@1.1.0':
    resolution: {integrity: sha512-Td76q7j57o/tLVdgS746cYARfSyxk8iEfRxewL9h4OMzYhbW4TAcppl0mT4eyqXddh6L/jwoM75mo7ixa/pCeQ==}
    engines: {node: '>=18'}

  '@img/sharp-darwin-arm64@0.35.3':
    resolution: {integrity: sha512-RMnFX7YQsMoh7lWfcM4NEHHymBX/rLuKNPVM84XE9ONPcaSCDgE7CHIHpSgPcO2xcRthgBy1HfNO319mwhIAkg==}
    engines: {node: '>=20.9.0'}
    cpu: [arm64]
    os: [darwin]

  '@img/sharp-darwin-x64@0.35.3':
    resolution: {integrity: sha512-Xo+5uFBtLN0BKqieTxiFzFPQAUlBbbH5iBKyRX/z1JrbnYsHTfKJnUfL8+p2TPXr1pXqao4eeL4Rl144uDpK9w==}
    engines: {node: '>=20.9.0'}
    cpu: [x64]
    os: [darwin]

  '@img/sharp-freebsd-wasm32@0.35.3':
    resolution: {integrity: sha512-lUxcqWIj2wMQ9BrwNjngcr1gWUr5xgaGThBRqPPalIC2n67Cqj1uPh8NnA/ZhAg8hUbKl+kVHKwgUIwe6ZYPrg==}
    engines: {node: '>=20.9.0'}
    os: [freebsd]

  '@img/sharp-libvips-darwin-arm64@1.3.2':
    resolution: {integrity: sha512-9J6ypZFpQBj4YnePGoq/S38w6nz+vqg5WZLrLGY4YuSemdMq47GMLBPO42MzwdGwpg/agZ7xzZcFHa48xlywfg==}
    cpu: [arm64]
    os: [darwin]

  '@img/sharp-libvips-darwin-x64@1.3.2':
    resolution: {integrity: sha512-m2pW1n6cns9VaubNwsZ+c3CRYjxNQWgJ5gPlnL1nbBcpkBvFm6SCFN5o0psFHI8w9n11NKhFkeEDns98tiqbEw==}
    cpu: [x64]
    os: [darwin]

  '@img/sharp-libvips-linux-arm64@1.3.2':
    resolution: {integrity: sha512-dqVSFynCox4C/J8kT16V7SIFAns0IjgLwkvYT7p8LQVmJ5OS5b6tI9IGflxTeuBS//zXeFIUbwt5dwxyZ17cnA==}
    cpu: [arm64]
    os: [linux]
    libc: [glibc]

  '@img/sharp-libvips-linux-arm@1.3.2':
    resolution: {integrity: sha512-1eMLzy92I4J6rmi4mAT8yC3HxOtniyGELlzGbNMLLeqe052ahFQ0h6LFq+lh5DsDIdYViIDst08abvSbcEdLXQ==}
    cpu: [arm]
    os: [linux]
    libc: [glibc]

  '@img/sharp-libvips-linux-ppc64@1.3.2':
    resolution: {integrity: sha512-3z0NHDxD6n5I9gc05U1eW1AyRm+Gznzq3naMrthPNqE6oYykcogW0l/jfpJdjYnuNl8R7yI9pNbE1XiUeyq0Aw==}
    cpu: [ppc64]
    os: [linux]
    libc: [glibc]

  '@img/sharp-libvips-linux-riscv64@1.3.2':
    resolution: {integrity: sha512-bsb4rI+NldGOsXuej2r8OdSS8+zXDVaCWxyWrcv6kneTOlgAHtZABRzBBCwdsPiD90J4myNJuHpg6kA20ImW/w==}
    cpu: [riscv64]
    os: [linux]
    libc: [glibc]

  '@img/sharp-libvips-linux-s390x@1.3.2':
    resolution: {integrity: sha512-/ABshyj8gCpyIrNXnHn4LorDJ0HHm1VhXPBlxZ8zAtfVPAaSafXPGn+sUSIRiwaSBy0mmFjSjiXI5mkcwdChKQ==}
    cpu: [s390x]
    os: [linux]
    libc: [glibc]

  '@img/sharp-libvips-linux-x64@1.3.2':
    resolution: {integrity: sha512-ITPEtgffGJ0S6G9dRyw/366tJQqFRcHWPHhC+Stpg3Z8AEMrDrTr2lhdz4f/Y/HMbRh//7Z5mBzEpVdi62Oc3w==}
    cpu: [x64]
    os: [linux]
    libc: [glibc]

  '@img/sharp-libvips-linuxmusl-arm64@1.3.2':
    resolution: {integrity: sha512-zE9EdiUzUmg5mDT5a1rk5fYJ6GWPloTwWBYDS14naqHsL+EaMpDj1AWnpLgh3u0YCORv2Tt50wrcrpYqkP97Kw==}
    cpu: [arm64]
    os: [linux]
    libc: [musl]

  '@img/sharp-libvips-linuxmusl-x64@1.3.2':
    resolution: {integrity: sha512-m0lrLiUt+lBYnCFr8qV/65yMR4E/c7/wf78I5eKTdkEakFAlZ9QlzEM3QIhhAwVeUhLAHLcCq7a7Vszq/oFNZQ==}
    cpu: [x64]
    os: [linux]
    libc: [musl]

  '@img/sharp-linux-arm64@0.35.3':
    resolution: {integrity: sha512-QgKDspHPnrU+GQ55XPhGwyhC8acLVOOSyAvo1oVfFmrIXLkDNmGWzAfDZ4xK8oSA1qBQrALcHX0G5UZni/SuFQ==}
    engines: {node: '>=20.9.0'}
    cpu: [arm64]
    os: [linux]
    libc: [glibc]

  '@img/sharp-linux-arm@0.35.3':
    resolution: {integrity: sha512-affVWCTLooy8TSxbDx2qkzuDeaWLNVBA+P//FNBirHsXpP2fuBhk5AuboYUnrDnzoXes8GFjpTx0SBFOCRg+FA==}
    engines: {node: '>=20.9.0'}
    cpu: [arm]
    os: [linux]
    libc: [glibc]

  '@img/sharp-linux-ppc64@0.35.3':
    resolution: {integrity: sha512-sMd8rDxmpLOwv/7N44klFjOD5DUO7FLdjiXDI0hoxYaf7Ar262dQIEkosE98bps+5HPLtp/EvNqeqQtOycP/IA==}
    engines: {node: '>=20.9.0'}
    cpu: [ppc64]
    os: [linux]
    libc: [glibc]

  '@img/sharp-linux-riscv64@0.35.3':
    resolution: {integrity: sha512-0Eob78yjlYPfL5vMNWAW55l3R9Y6BQS/gOfe0ZcP9mEz9ohhKSt4im1hayiknXgf8AWrFqMvJcKIdmLmEe7yeQ==}
    engines: {node: '>=20.9.0'}
    cpu: [riscv64]
    os: [linux]
    libc: [glibc]

  '@img/sharp-linux-s390x@0.35.3':
    resolution: {integrity: sha512-KgAxQ0DxpNOq1rG2t5cgTgShJFGSuU7XO45cqC+1NVOuZnP6tlgZRuSYOfNupGkHID0o3cJOsw4DVeJpMovcGw==}
    engines: {node: '>=20.9.0'}
    cpu: [s390x]
    os: [linux]
    libc: [glibc]

  '@img/sharp-linux-x64@0.35.3':
    resolution: {integrity: sha512-8pqvxubL2PGdhlPy6GLqzDYMUjyRmKAwKHYKixpdJYBUK7PJ0C029XdsnpFIdgRZG68fZiGdHVWcKPvtiPB4cA==}
    engines: {node: '>=20.9.0'}
    cpu: [x64]
    os: [linux]
    libc: [glibc]

  '@img/sharp-linuxmusl-arm64@0.35.3':
    resolution: {integrity: sha512-Vz0iQjzzcSX3HCbfwFfCSG/9SCIqyO0mH2sXyiHaAYfBk0cRsCWXRyQYX0ovCK/PAQBbTzQ0dsPQHh5MAFL59w==}
    engines: {node: '>=20.9.0'}
    cpu: [arm64]
    os: [linux]
    libc: [musl]

  '@img/sharp-linuxmusl-x64@0.35.3':
    resolution: {integrity: sha512-6O1NPKcDVj9QEdg7Hx549EX8U0rp6yXQERqru6yRN7fGBn32UvIRJUlWnk+8xDCiG76hXVBbX82NZ/ZKr0euIg==}
    engines: {node: '>=20.9.0'}
    cpu: [x64]
    os: [linux]
    libc: [musl]

  '@img/sharp-wasm32@0.35.3':
    resolution: {integrity: sha512-cZ0XkcYGpHZkqW6iCkqTcmUC0CD9DhD5d/qeZlZkfRBn6GnHniZXLUo5+9xw8Iv76YE6LQFN9YNBlKREcCG76w==}
    engines: {node: '>=20.9.0'}

  '@img/sharp-webcontainers-wasm32@0.35.3':
    resolution: {integrity: sha512-2rnq7bX3NzeR2T4YWgz8qiG4h3TSdMe+vN1iQXpJleSJ3SM5zQ8Fy2SyyXAWlbxpEZ2Y+Z4u1BePgJEYbSy80Q==}
    engines: {node: '>=20.9.0'}
    cpu: [wasm32]

  '@img/sharp-win32-arm64@0.35.3':
    resolution: {integrity: sha512-4bPwFdMbeC4JQ8L8LOyWp6nsHcboP5fxkp6iPOXz2Vg49R42TuMs2whkJ5OAP4/Ul035qOzy0AecOF9VOscn4w==}
    engines: {node: '>=20.9.0'}
    cpu: [arm64]
    os: [win32]

  '@img/sharp-win32-ia32@0.35.3':
    resolution: {integrity: sha512-r53mXsBN6lFUDiST764SvgwUdHAqM4rPAiDzAmf4fLoB6X/rkfyTrLCg6+g17wJJiCmB3JYgHuUldCWUIRFSXw==}
    engines: {node: ^20.9.0}
    cpu: [ia32]
    os: [win32]

  '@img/sharp-win32-x64@0.35.3':
    resolution: {integrity: sha512-D4y1vNeZrIIJCN+uHaWVtH86B+aCrdMYYjicy9pXHvbGZeGYLLSd3wdVuC37FxVXlU1ARsk84eKWfWMXGYEqvA==}
    engines: {node: '>=20.9.0'}
    cpu: [x64]
    os: [win32]

  '@next/env@16.3.3':
    resolution: {integrity: sha512-U2eYQRwXj+dsqxV79zFqExDdatnNY/ZWc2nsJU1p/OgT7fd3dXwlF6OjYaFQCfMoeTA19PWq+wVmYgimVA+V+g==}

  '@next/swc-darwin-arm64@16.3.3':
    resolution: {integrity: sha512-8Hiv32QJPwdV6KYJ8meR9SBA061tQqnIKTJDocvOXlEQqib0xMFpzArosuffFUUc0sslbh7QQ8a3Yey1QV8EIw==}
    engines: {node: '>= 10'}
    cpu: [arm64]
    os: [darwin]

  '@next/swc-darwin-x64@16.3.3':
    resolution: {integrity: sha512-A1lgKgwVchRYmSe467zdwhxT9040dd8lH+o65sL5Jet8fjB4kegw/rDyPIpYVRb6jAqwXFOJpjIXJLxQKLiE3A==}
    engines: {node: '>= 10'}
    cpu: [x64]
    os: [darwin]

  '@next/swc-linux-arm64-gnu@16.3.3':
    resolution: {integrity: sha512-bf0FIssMFueU2dm7vQEWWxk0c8UjKTdW0yzuh0sQsD8pf1+KCLDdaqhYZNMYGmXwEOiHAUzgBKudovIlcvvBjg==}
    engines: {node: '>= 10'}
    cpu: [arm64]
    os: [linux]
    libc: [glibc]

  '@next/swc-linux-arm64-musl@16.3.3':
    resolution: {integrity: sha512-W7viwCk9JY/cAkdz/A273rd5bb3RgT/IHwR7Upv90tunjBWNtAAhGhoecHh+teRNRSinuAFmE+l7fwZ4YKkrXg==}
    engines: {node: '>= 10'}
    cpu: [arm64]
    os: [linux]
    libc: [musl]

  '@next/swc-linux-x64-gnu@16.3.3':
    resolution: {integrity: sha512-0W46zw1N3ODpI6n0GeivHvvob1pooozgZVqy65k0mh4/7vr+FbY9+WpHzNVXjHipJf/A3FDheBG19H1s5A25rA==}
    engines: {node: '>= 10'}
    cpu: [x64]
    os: [linux]
    libc: [glibc]

  '@next/swc-linux-x64-musl@16.3.3':
    resolution: {integrity: sha512-H4mBso8ZTMBPtdT0PN0pBx2ayTvQuTuvS6qT13d77yVFJXAPCxkyIhLTmdMaGTJs0krQYI/qpzdHijCeihXhbg==}
    engines: {node: '>= 10'}
    cpu: [x64]
    os: [linux]
    libc: [musl]

  '@next/swc-win32-arm64-msvc@16.3.3':
    resolution: {integrity: sha512-cTMUJpcEGmeywofCUfhR+rSsoE33+rVPnPEYNTNdLNlsOeEg/vktOsKUSTb28vUGqD2jkm4Zaskcwn7OCI6FQg==}
    engines: {node: '>= 10'}
    cpu: [arm64]
    os: [win32]

  '@next/swc-win32-x64-msvc@16.3.3':
    resolution: {integrity: sha512-2VR4cTBzHXaBjnGsuH6GyJjENzQOmHeAh11uY1iUhjm3j5dEUrVJuUj+VL78jaGi/Dik8xS76zEj18BsFhlVZQ==}
    engines: {node: '>= 10'}
    cpu: [x64]
    os: [win32]

  '@swc/helpers@0.5.23':
    resolution: {integrity: sha512-5lSsMOTXURePglDfvuAQUqkGek9Hg2kksOYay2m0+XR++b2NWYL/4sWyuvVBIs8oKnJaxkdi9whaL/sqN13afw==}

  '@tanstack/react-virtual@3.14.10':
    resolution: {integrity: sha512-SRyoUbdFMRHuYXMijV5H4ZarQWpXkj3iANq8OFre+pybeVap8ZJjZ3Nz9bVjx4d8PfobVUQUdKyyyHYk3E+djw==}
    peerDependencies:
      react: ^16.8.0 || ^17.0.0 || ^18.0.0 || ^19.0.0
      react-dom: ^16.8.0 || ^17.0.0 || ^18.0.0 || ^19.0.0

  '@tanstack/virtual-core@3.17.8':
    resolution: {integrity: sha512-BfEvehNpOT75r5Ksc5xW6NZuXujTfb7nlSEyVu4XHG3gdxNg1KqXruWbDewXOUaUYIo4oRbSfkjIajz4MAT8tA==}

  '@types/node@22.20.1':
    resolution: {integrity: sha512-EANqOCF9QFyra+4pfxUcX9STKJpCLjMbObVzljIJomAWSnuSIEAvyzEU53GaajbXJEgdh0iEcPL+DGvpUd4k1Q==}

  '@types/react-dom@19.2.5':
    resolution: {integrity: sha512-fMPwH9v7r/pp43yUd2/Mbiex5KouJwwR3dzHkhLREUC6764VyDsqxhAxv6OFEYR1RhjOyD1naqba8ECDBe7ZQg==}
    peerDependencies:
      '@types/react': ^19.2.0

  '@types/react@19.2.18':
    resolution: {integrity: sha512-AnzbBERsrLKtk2XSfTbYRLjQPdy116Sty4q+T+Bp3IC4l6jNBvreVPAHmpq9qhXQM7CXZPjLVmGMw9sy+hxQ3w==}

  '@vercel/blob@2.8.0':
    resolution: {integrity: sha512-Nu+HWKpkgovCh/ezlG7wCVwF7RErTzLzZMbGKFBdGBCbTKyK+s5VXPLl+0+TpNEQPH8AVaGzOpIsXUOtkqylCQ==}
    engines: {node: '>=20.0.0'}

  '@vercel/cli-config@0.2.4':
    resolution: {integrity: sha512-kZ5SojbrV06GHoU6QIWGwDXLov+s9rWZ7QqdqKfJfBGCNUieGfgaCjeeenNy8Y+QC0bwC0dZ2B4l5Hvdmrgpdw==}

  '@vercel/cli-exec@1.0.1':
    resolution: {integrity: sha512-g9XerViJ/paZujufXYcu5XYI2vU2rtB4sgdpjUHde5RnOkdmpu0ngH46LCFGHoPXO/C+qDPSczIHIRN+8Q2YKQ==}
    engines: {node: '>= 18'}

  '@vercel/oidc@3.8.5':
    resolution: {integrity: sha512-RwXYtnt6za+5UO4IaLywN/6B95AlLqynPRUWRJxeJ/qufwkcLUbZNUxYtzT0uMpuraWhlNcGqPNGkTnZr4BGBw==}
    engines: {node: '>= 20'}

  async-retry@1.3.3:
    resolution: {integrity: sha512-wfr/jstw9xNi/0teMHrRW7dsz3Lt5ARhYNZ2ewpadnhaIp5mbALhOAP+EAdsC7t4Z6wqsDVv9+W6gm1Dk9mEyw==}

  baseline-browser-mapping@2.11.19:
    resolution: {integrity: sha512-Grytf1xOxOEMTGRwx6rLGKkTabd4vMg3VrKdj/7joCmV0qgh4QwMMO6xh34YEXQqirAuUdgQGa5orJQQ+69RBw==}
    engines: {node: '>=6.0.0'}
    hasBin: true

  caniuse-lite@1.0.30001810:
    resolution: {integrity: sha512-TITQPUkaz+aVk5GL6NhOdwk1aEaNTSDPsGFWrTuhKGtjTF70jL/Oht2W4c6rXUe5fu7Ie19VIahAXHIIiWWNeg==}

  client-only@0.0.1:
    resolution: {integrity: sha512-IV3Ou0jSMzZrd3pZ48nLkT9DA7Ag1pnPzaiQhpW7c3RbcqqzvzzVu+L8gfqMp/8IM2MQtSiqaCxrrcfu8I8rMA==}

  cross-spawn@7.0.6:
    resolution: {integrity: sha512-uV2QOWP2nWzsy2aMp8aRibhi9dlzF5Hgh5SHaB9OiTGEyDTiJJyx0uy51QXdyWbtAHNua4XJzUKca3OzKUd3vA==}
    engines: {node: '>= 8'}

  csstype@3.2.3:
    resolution: {integrity: sha512-z1HGKcYy2xA8AGQfwrn0PAy+PB7X/GSj3UVJW9qKyn43xWa+gl5nXmU4qqLMRzWVLFC8KusUX8T/0kCiOYpAIQ==}

  detect-libc@2.1.2:
    resolution: {integrity: sha512-Btj2BOOO83o3WyH59e8MgXsxEQVcarkUOpEYrubB0urwnN10yQ364rsiByU11nZlqWYZm05i/of7io4mzihBtQ==}
    engines: {node: '>=8'}

  execa@5.1.1:
    resolution: {integrity: sha512-8uSpZZocAZRBAPIEINJj3Lo9HyGitllczc27Eh5YYojjMFMn8yHMDMaUHE2Jqfq05D/wucwI4JGURyXt1vchyg==}
    engines: {node: '>=10'}

  get-stream@6.0.1:
    resolution: {integrity: sha512-ts6Wi+2j3jQjqi70w5AlN8DFnkSwC+MqmxEzdEALB2qXZYV3X/b1CTfgPLGJNMeAWxdPfU8FO1ms3NUfaHCPYg==}
    engines: {node: '>=10'}

  human-signals@2.1.0:
    resolution: {integrity: sha512-B4FFZ6q/T2jhhksgkbEW3HBvWIfDW85snkQgawt07S7J5QXTk6BkNV+0yAeZrM5QpMAdYlocGoljn0sJ/WQkFw==}
    engines: {node: '>=10.17.0'}

  is-buffer@2.0.5:
    resolution: {integrity: sha512-i2R6zNFDwgEHJyQUtJEk0XFi1i0dPFn/oqjK3/vPCcDeJvW5NQ83V8QbicfF1SupOaB0h8ntgBC2YiE7dfyctQ==}
    engines: {node: '>=4'}

  is-node-process@1.2.0:
    resolution: {integrity: sha512-Vg4o6/fqPxIjtxgUH5QLJhwZ7gW5diGCVlXpuUfELC62CuxM1iHcRe51f2W1FDy04Ai4KJkagKjx3XaqyfRKXw==}

  is-stream@2.0.1:
    resolution: {integrity: sha512-hFoiJiTl63nn+kstHGBtewWSKnQLpyb155KHheA1l39uvtO9nWIop1p3udqPcUd/xbF1VLMO4n7OI6p7RbngDg==}
    engines: {node: '>=8'}

  isexe@2.0.0:
    resolution: {integrity: sha512-RHxMLp9lnKHGHRng9QFhRCMbYAcVpn69smSGcq3f36xjgVVWThj4qqLbTLlq7Ssj8B+fIQ1EuCEGI2lKsyQeIw==}

  jose@5.10.0:
    resolution: {integrity: sha512-s+3Al/p9g32Iq+oqXxkW//7jk2Vig6FF1CFqzVXoTUXt2qz89YWbL+OwS17NFYEvxC35n0FKeGO2LGYSxeM2Gg==}

  merge-stream@2.0.0:
    resolution: {integrity: sha512-abv/qOcuPfk3URPfDzmZU1LKmuw8kT+0nIHvKrKgFrwifol/doWcdA4ZqsWQ8ENrFKkd67Mfpo/LovbIUsbt3w==}

  mimic-fn@2.1.0:
    resolution: {integrity: sha512-OqbOk5oEQeAZ8WXWydlu9HJjz9WVdEIvamMCcXmuqUYjTknH/sqsWvhQ3vgwKFRR1HpjvNBKQ37nbJgYzGqGcg==}
    engines: {node: '>=6'}

  nanoid@3.3.18:
    resolution: {integrity: sha512-DTg4MJbGMWkfi6VZFdNt2/caMbQy4Ou+Op/hJQvGEWcnVfoA1QA+xzRKAzw9jD6+GVOOeYr/mIcuDSdug6F6+w==}
    engines: {node: ^10 || ^12 || ^13.7 || ^14 || >=15.0.1}
    hasBin: true

  next@16.3.3:
    resolution: {integrity: sha512-tuRTx1nQ/yVw83cwJBo9F+njGUgMn3UHQycreWHB8XsStvvAh1AthbI8/4IpKnFaF58F+iSiHejYOlMQ/eq83g==}
    engines: {node: '>=20.9.0'}
    hasBin: true
    peerDependencies:
      '@opentelemetry/api': ^1.1.0
      '@playwright/test': ^1.51.1
      babel-plugin-react-compiler: '*'
      react: ^18.2.0 || 19.0.0-rc-de68d2f4-20241204 || ^19.0.0
      react-dom: ^18.2.0 || 19.0.0-rc-de68d2f4-20241204 || ^19.0.0
      sass: ^1.3.0
    peerDependenciesMeta:
      '@opentelemetry/api':
        optional: true
      '@playwright/test':
        optional: true
      babel-plugin-react-compiler:
        optional: true
      sass:
        optional: true

  npm-run-path@4.0.1:
    resolution: {integrity: sha512-S48WzZW777zhNIrn7gxOlISNAqi9ZC/uQFnRdbeIHhZhCA6UqpkOT8T1G7BvfdgP4Er8gF4sUbaS0i7QvIfCWw==}
    engines: {node: '>=8'}

  onetime@5.1.2:
    resolution: {integrity: sha512-kbpaSSGJTWdAY5KPVeMOKXSrPtr8C8C7wodJbcsd51jRnmD+GZu8Y0VoU6Dm5Z4vWr0Ig/1NKuWRKf7j5aaYSg==}
    engines: {node: '>=6'}

  os-paths@4.4.0:
    resolution: {integrity: sha512-wrAwOeXp1RRMFfQY8Sy7VaGVmPocaLwSFOYCGKSyo8qmJ+/yaafCl5BCA1IQZWqFSRBrKDYFeR9d/VyQzfH/jg==}
    engines: {node: '>= 6.0'}

  path-key@3.1.1:
    resolution: {integrity: sha512-ojmeN0qd+y0jszEtoY48r0Peq5dwMEkIlCOu6Q5f41lfkswXuKtYrhgoTpLnyIcHm24Uhqx+5Tqm2InSwLhE6Q==}
    engines: {node: '>=8'}

  picocolors@1.1.1:
    resolution: {integrity: sha512-xceH2snhtb5M9liqDsmEw56le376mTZkEX/jEb/RxNFyegNul7eNslCXP9FDj/Lcu0X8KEyMceP2ntpaHrDEVA==}

  postcss@8.5.23:
    resolution: {integrity: sha512-g50586zr4bZmwFiTlflMu8E0bDTb5I5gertgwAKmsdUlTQIhZtunzUlD1WSzwcVWPoAVpsrA6vlfCD7oXvRwgg==}
    engines: {node: ^10 || ^12 || >=14}

  react-dom@19.2.8:
    resolution: {integrity: sha512-rVprimfGBG3DR+Tq0IQG2DT5PxKth1WIGDmj5yPmlzr4YBe7uyE+Du4oVqTDXZSHGGGXRtTJEGSSePyQCMBglQ==}
    peerDependencies:
      react: ^19.2.8

  react@19.2.8:
    resolution: {integrity: sha512-PWaYA1L/q9u2u7xYQi+Y3L3Yfnie7XyLeaJICV1MGD6LprsBxcAqGjYyr0eY3p+QdsA+x/Irkt4Qif8D63+Sbw==}
    engines: {node: '>=0.10.0'}

  retry@0.13.1:
    resolution: {integrity: sha512-XQBQ3I8W1Cge0Seh+6gjj03LbmRFWuoszgK9ooCpwYIrhhoO80pfq4cUkU5DkknwfOfFteRwlZ56PYOGYyFWdg==}
    engines: {node: '>= 4'}

  scheduler@0.27.0:
    resolution: {integrity: sha512-eNv+WrVbKu1f3vbYJT/xtiF5syA5HPIMtf9IgY/nKg0sWqzAUEvqY/xm7OcZc/qafLx/iO9FgOmeSAp4v5ti/Q==}

  semver@7.8.5:
    resolution: {integrity: sha512-Y7/KDsb8LjooZpwaqGyulO6DQlksgCncchHGk+sZIY4SBvUocMBEFH5Ur1fI4dV+Jvl0w6cjvucaIi40puRioA==}
    engines: {node: '>=10'}
    hasBin: true

  sharp@0.35.3:
    resolution: {integrity: sha512-ej0zVHuZGHCiABXcNxeYhpRnPNPAcvbG8RMdBAhDAxLKkCRVSpK3Iyu7qbqw3JMzoj0REeM6f3tJLtVwl0023Q==}
    engines: {node: '>=20.9.0'}
    peerDependencies:
      '@types/node': '*'
    peerDependenciesMeta:
      '@types/node':
        optional: true

  shebang-command@2.0.0:
    resolution: {integrity: sha512-kHxr2zZpYtdmrN1qDjrrX/Z1rR1kG8Dx+gkpK1G4eXmvXswmcE1hTWBWYUzlraYw1/yZp6YuDY77YtvbN0dmDA==}
    engines: {node: '>=8'}

  shebang-regex@3.0.0:
    resolution: {integrity: sha512-7++dFhtcx3353uBaq8DDR4NuxBetBzC7ZQOhmTQInHEd6bSrXdiEyzCvG07Z44UYdLShWUyXt5M/yhz8ekcb1A==}
    engines: {node: '>=8'}

  signal-exit@3.0.7:
    resolution: {integrity: sha512-wnD2ZE+l+SPC/uoS0vXeE9L1+0wuaMqKlfz9AMUo38JsyLSBWSFcHR1Rri62LZc12vLr1gb3jl7iwQhgwpAbGQ==}

  source-map-js@1.2.1:
    resolution: {integrity: sha512-UXWMKhLOwVKb728IUtQPXxfYU+usdybtUrK/8uGE8CQMvrhOpwvzDBwj0QhSL7MQc7vIsISBG8VQ8+IDQxpfQA==}
    engines: {node: '>=0.10.0'}

  strip-final-newline@2.0.0:
    resolution: {integrity: sha512-BrpvfNAE3dcvq7ll3xVumzjKjZQ5tI1sEUIKr3Uoks0XUl45St3FlatVqef9prk4jRDzhW6WZg+3bk93y6pLjA==}
    engines: {node: '>=6'}

  styled-jsx@5.1.6:
    resolution: {integrity: sha512-qSVyDTeMotdvQYoHWLNGwRFJHC+i+ZvdBRYosOFgC+Wg1vx4frN2/RG/NA7SYqqvKNLf39P2LSRA2pu6n0XYZA==}
    engines: {node: '>= 12.0.0'}
    peerDependencies:
      '@babel/core': '*'
      babel-plugin-macros: '*'
      react: '>= 16.8.0 || 17.x.x || ^18.0.0-0 || ^19.0.0-0'
    peerDependenciesMeta:
      '@babel/core':
        optional: true
      babel-plugin-macros:
        optional: true

  throttleit@2.1.0:
    resolution: {integrity: sha512-nt6AMGKW1p/70DF/hGBdJB57B8Tspmbp5gfJ8ilhLnt7kkr2ye7hzD6NVG8GGErk2HWF34igrL2CXmNIkzKqKw==}
    engines: {node: '>=18'}

  tslib@2.8.1:
    resolution: {integrity: sha512-oJFu94HQb+KVduSUQL7wnpmqnfmLsOA/nAh6b6EH0wCEoK0/mPeXU6c3wKDV83MkOuHPRHtSXKKU99IBazS/2w==}

  typescript@5.9.3:
    resolution: {integrity: sha512-jl1vZzPDinLr9eUt3J/t7V6FgNEw9QjvBPdysz9KfQDD41fQrC2Y4vKQdiaUpFT4bXlb1RHhLpp8wtm6M5TgSw==}
    engines: {node: '>=14.17'}
    hasBin: true

  undici-types@6.21.0:
    resolution: {integrity: sha512-iwDZqg0QAGrg9Rav5H4n0M64c3mkR59cJ6wQp+7C4nI0gsmExaedaYLNO44eT4AtBBwjbTiGPMlt2Md0T9H9JQ==}

  undici@6.28.0:
    resolution: {integrity: sha512-LIY910g9TI13YS95lrMFrs8Rm/u/irgHeTWoKCoteeJ04CUJ92eEfj0rVn+7VKMPBpUPiUoBKfhNyLI23EE/KA==}
    engines: {node: '>=18.17'}

  which@2.0.2:
    resolution: {integrity: sha512-BLI3Tl1TW3Pvl70l3yq3Y64i+awpwXqsGBYWkkqMtnbXgrMD+yj7rhW0kuEDxzJaYXGjEW5ogapKNMEKNMjibA==}
    engines: {node: '>= 8'}
    hasBin: true

  xdg-app-paths@5.5.1:
    resolution: {integrity: sha512-hI3flOB4PLZIy5prbtTpirobtPE2ZtZ52szO+2mM9Efp6ErM398La+C1lIpNWDfNoQk+6Lsi6nMcCwVB7pxeMQ==}
    engines: {node: '>= 6.0'}

  xdg-portable@7.3.0:
    resolution: {integrity: sha512-sqMMuL1rc0FmMBOzCpd0yuy9trqF2yTTVe+E9ogwCSWQCdDEtQUwrZPT6AxqtsFGRNxycgncbP/xmOOSPw5ZUw==}
    engines: {node: '>= 6.0'}

  zod@4.1.11:
    resolution: {integrity: sha512-WPsqwxITS2tzx1bzhIKsEs19ABD5vmCVa4xBo2tq/SrV4RNZtfws1EnCWQXM6yh8bD08a1idvkB5MZSBiZsjwg==}

  zustand@5.0.15:
    resolution: {integrity: sha512-MpSEjRiBkA9crSYeOUH32rJC7SVqAbm0Fqcqge/bUi2PPoLcBWKOsG+C8mevmpr8TwXHBVkChbbJiyvkE+i/3A==}
    engines: {node: '>=12.20.0'}
    peerDependencies:
      '@types/react': '>=18.0.0'
      immer: '>=9.0.6'
      react: '>=18.0.0'
      use-sync-external-store: '>=1.2.0'
    peerDependenciesMeta:
      '@types/react':
        optional: true
      immer:
        optional: true
      react:
        optional: true
      use-sync-external-store:
        optional: true

snapshots:

  '@emnapi/runtime@1.11.3':
    dependencies:
      tslib: 2.8.1
    optional: true

  '@img/colour@1.1.0':
    optional: true

  '@img/sharp-darwin-arm64@0.35.3':
    optionalDependencies:
      '@img/sharp-libvips-darwin-arm64': 1.3.2
    optional: true

  '@img/sharp-darwin-x64@0.35.3':
    optionalDependencies:
      '@img/sharp-libvips-darwin-x64': 1.3.2
    optional: true

  '@img/sharp-freebsd-wasm32@0.35.3':
    dependencies:
      '@img/sharp-wasm32': 0.35.3
    optional: true

  '@img/sharp-libvips-darwin-arm64@1.3.2':
    optional: true

  '@img/sharp-libvips-darwin-x64@1.3.2':
    optional: true

  '@img/sharp-libvips-linux-arm64@1.3.2':
    optional: true

  '@img/sharp-libvips-linux-arm@1.3.2':
    optional: true

  '@img/sharp-libvips-linux-ppc64@1.3.2':
    optional: true

  '@img/sharp-libvips-linux-riscv64@1.3.2':
    optional: true

  '@img/sharp-libvips-linux-s390x@1.3.2':
    optional: true

  '@img/sharp-libvips-linux-x64@1.3.2':
    optional: true

  '@img/sharp-libvips-linuxmusl-arm64@1.3.2':
    optional: true

  '@img/sharp-libvips-linuxmusl-x64@1.3.2':
    optional: true

  '@img/sharp-linux-arm64@0.35.3':
    optionalDependencies:
      '@img/sharp-libvips-linux-arm64': 1.3.2
    optional: true

  '@img/sharp-linux-arm@0.35.3':
    optionalDependencies:
      '@img/sharp-libvips-linux-arm': 1.3.2
    optional: true

  '@img/sharp-linux-ppc64@0.35.3':
    optionalDependencies:
      '@img/sharp-libvips-linux-ppc64': 1.3.2
    optional: true

  '@img/sharp-linux-riscv64@0.35.3':
    optionalDependencies:
      '@img/sharp-libvips-linux-riscv64': 1.3.2
    optional: true

  '@img/sharp-linux-s390x@0.35.3':
    optionalDependencies:
      '@img/sharp-libvips-linux-s390x': 1.3.2
    optional: true

  '@img/sharp-linux-x64@0.35.3':
    optionalDependencies:
      '@img/sharp-libvips-linux-x64': 1.3.2
    optional: true

  '@img/sharp-linuxmusl-arm64@0.35.3':
    optionalDependencies:
      '@img/sharp-libvips-linuxmusl-arm64': 1.3.2
    optional: true

  '@img/sharp-linuxmusl-x64@0.35.3':
    optionalDependencies:
      '@img/sharp-libvips-linuxmusl-x64': 1.3.2
    optional: true

  '@img/sharp-wasm32@0.35.3':
    dependencies:
      '@emnapi/runtime': 1.11.3
    optional: true

  '@img/sharp-webcontainers-wasm32@0.35.3':
    dependencies:
      '@img/sharp-wasm32': 0.35.3
    optional: true

  '@img/sharp-win32-arm64@0.35.3':
    optional: true

  '@img/sharp-win32-ia32@0.35.3':
    optional: true

  '@img/sharp-win32-x64@0.35.3':
    optional: true

  '@next/env@16.3.3': {}

  '@next/swc-darwin-arm64@16.3.3':
    optional: true

  '@next/swc-darwin-x64@16.3.3':
    optional: true

  '@next/swc-linux-arm64-gnu@16.3.3':
    optional: true

  '@next/swc-linux-arm64-musl@16.3.3':
    optional: true

  '@next/swc-linux-x64-gnu@16.3.3':
    optional: true

  '@next/swc-linux-x64-musl@16.3.3':
    optional: true

  '@next/swc-win32-arm64-msvc@16.3.3':
    optional: true

  '@next/swc-win32-x64-msvc@16.3.3':
    optional: true

  '@swc/helpers@0.5.23':
    dependencies:
      tslib: 2.8.1

  '@tanstack/react-virtual@3.14.10(react-dom@19.2.8(react@19.2.8))(react@19.2.8)':
    dependencies:
      '@tanstack/virtual-core': 3.17.8
      react: 19.2.8
      react-dom: 19.2.8(react@19.2.8)

  '@tanstack/virtual-core@3.17.8': {}

  '@types/node@22.20.1':
    dependencies:
      undici-types: 6.21.0

  '@types/react-dom@19.2.5(@types/react@19.2.18)':
    dependencies:
      '@types/react': 19.2.18

  '@types/react@19.2.18':
    dependencies:
      csstype: 3.2.3

  '@vercel/blob@2.8.0':
    dependencies:
      '@vercel/oidc': 3.8.5
      async-retry: 1.3.3
      is-buffer: 2.0.5
      is-node-process: 1.2.0
      throttleit: 2.1.0
      undici: 6.28.0

  '@vercel/cli-config@0.2.4':
    dependencies:
      xdg-app-paths: 5.5.1
      zod: 4.1.11

  '@vercel/cli-exec@1.0.1':
    dependencies:
      execa: 5.1.1

  '@vercel/oidc@3.8.5':
    dependencies:
      '@vercel/cli-config': 0.2.4
      '@vercel/cli-exec': 1.0.1
      jose: 5.10.0

  async-retry@1.3.3:
    dependencies:
      retry: 0.13.1

  baseline-browser-mapping@2.11.19: {}

  caniuse-lite@1.0.30001810: {}

  client-only@0.0.1: {}

  cross-spawn@7.0.6:
    dependencies:
      path-key: 3.1.1
      shebang-command: 2.0.0
      which: 2.0.2

  csstype@3.2.3: {}

  detect-libc@2.1.2:
    optional: true

  execa@5.1.1:
    dependencies:
      cross-spawn: 7.0.6
      get-stream: 6.0.1
      human-signals: 2.1.0
      is-stream: 2.0.1
      merge-stream: 2.0.0
      npm-run-path: 4.0.1
      onetime: 5.1.2
      signal-exit: 3.0.7
      strip-final-newline: 2.0.0

  get-stream@6.0.1: {}

  human-signals@2.1.0: {}

  is-buffer@2.0.5: {}

  is-node-process@1.2.0: {}

  is-stream@2.0.1: {}

  isexe@2.0.0: {}

  jose@5.10.0: {}

  merge-stream@2.0.0: {}

  mimic-fn@2.1.0: {}

  nanoid@3.3.18: {}

  next@16.3.3(@types/node@22.20.1)(react-dom@19.2.8(react@19.2.8))(react@19.2.8):
    dependencies:
      '@next/env': 16.3.3
      '@swc/helpers': 0.5.23
      baseline-browser-mapping: 2.11.19
      caniuse-lite: 1.0.30001810
      postcss: 8.5.23
      react: 19.2.8
      react-dom: 19.2.8(react@19.2.8)
      styled-jsx: 5.1.6(react@19.2.8)
    optionalDependencies:
      '@next/swc-darwin-arm64': 16.3.3
      '@next/swc-darwin-x64': 16.3.3
      '@next/swc-linux-arm64-gnu': 16.3.3
      '@next/swc-linux-arm64-musl': 16.3.3
      '@next/swc-linux-x64-gnu': 16.3.3
      '@next/swc-linux-x64-musl': 16.3.3
      '@next/swc-win32-arm64-msvc': 16.3.3
      '@next/swc-win32-x64-msvc': 16.3.3
      sharp: 0.35.3(@types/node@22.20.1)
    transitivePeerDependencies:
      - '@babel/core'
      - '@types/node'
      - babel-plugin-macros

  npm-run-path@4.0.1:
    dependencies:
      path-key: 3.1.1

  onetime@5.1.2:
    dependencies:
      mimic-fn: 2.1.0

  os-paths@4.4.0: {}

  path-key@3.1.1: {}

  picocolors@1.1.1: {}

  postcss@8.5.23:
    dependencies:
      nanoid: 3.3.18
      picocolors: 1.1.1
      source-map-js: 1.2.1

  react-dom@19.2.8(react@19.2.8):
    dependencies:
      react: 19.2.8
      scheduler: 0.27.0

  react@19.2.8: {}

  retry@0.13.1: {}

  scheduler@0.27.0: {}

  semver@7.8.5:
    optional: true

  sharp@0.35.3(@types/node@22.20.1):
    dependencies:
      '@img/colour': 1.1.0
      detect-libc: 2.1.2
      semver: 7.8.5
    optionalDependencies:
      '@img/sharp-darwin-arm64': 0.35.3
      '@img/sharp-darwin-x64': 0.35.3
      '@img/sharp-freebsd-wasm32': 0.35.3
      '@img/sharp-libvips-darwin-arm64': 1.3.2
      '@img/sharp-libvips-darwin-x64': 1.3.2
      '@img/sharp-libvips-linux-arm': 1.3.2
      '@img/sharp-libvips-linux-arm64': 1.3.2
      '@img/sharp-libvips-linux-ppc64': 1.3.2
      '@img/sharp-libvips-linux-riscv64': 1.3.2
      '@img/sharp-libvips-linux-s390x': 1.3.2
      '@img/sharp-libvips-linux-x64': 1.3.2
      '@img/sharp-libvips-linuxmusl-arm64': 1.3.2
      '@img/sharp-libvips-linuxmusl-x64': 1.3.2
      '@img/sharp-linux-arm': 0.35.3
      '@img/sharp-linux-arm64': 0.35.3
      '@img/sharp-linux-ppc64': 0.35.3
      '@img/sharp-linux-riscv64': 0.35.3
      '@img/sharp-linux-s390x': 0.35.3
      '@img/sharp-linux-x64': 0.35.3
      '@img/sharp-linuxmusl-arm64': 0.35.3
      '@img/sharp-linuxmusl-x64': 0.35.3
      '@img/sharp-webcontainers-wasm32': 0.35.3
      '@img/sharp-win32-arm64': 0.35.3
      '@img/sharp-win32-ia32': 0.35.3
      '@img/sharp-win32-x64': 0.35.3
      '@types/node': 22.20.1
    optional: true

  shebang-command@2.0.0:
    dependencies:
      shebang-regex: 3.0.0

  shebang-regex@3.0.0: {}

  signal-exit@3.0.7: {}

  source-map-js@1.2.1: {}

  strip-final-newline@2.0.0: {}

  styled-jsx@5.1.6(react@19.2.8):
    dependencies:
      client-only: 0.0.1
      react: 19.2.8

  throttleit@2.1.0: {}

  tslib@2.8.1: {}

  typescript@5.9.3: {}

  undici-types@6.21.0: {}

  undici@6.28.0: {}

  which@2.0.2:
    dependencies:
      isexe: 2.0.0

  xdg-app-paths@5.5.1:
    dependencies:
      os-paths: 4.4.0
      xdg-portable: 7.3.0

  xdg-portable@7.3.0:
    dependencies:
      os-paths: 4.4.0

  zod@4.1.11: {}

  zustand@5.0.15(@types/react@19.2.18)(react@19.2.8):
    optionalDependencies:
      '@types/react': 19.2.18
      react: 19.2.8
